// !$*UTF8*$!
{
	archiveVersion = 1;
	classes = {
	};
	objectVersion = 46;
	objects = {

/* Begin PBXBuildFile section */
		859B559C1E0AC8FA00231A2B /* AppDelegate.swift in Sources */ = {isa = PBXBuildFile; fileRef = 859B559B1E0AC8FA00231A2B /* AppDelegate.swift */; };
		859B559E1E0AC8FA00231A2B /* ViewController.swift in Sources */ = {isa = PBXBuildFile; fileRef = 859B559D1E0AC8FA00231A2B /* ViewController.swift */; };
		859B55A11E0AC8FA00231A2B /* Main.storyboard in Resources */ = {isa = PBXBuildFile; fileRef = 859B559F1E0AC8FA00231A2B /* Main.storyboard */; };
		859B55A31E0AC8FA00231A2B /* Assets.xcassets in Resources */ = {isa = PBXBuildFile; fileRef = 859B55A21E0AC8FA00231A2B /* Assets.xcassets */; };
		859B55A61E0AC8FA00231A2B /* LaunchScreen.storyboard in Resources */ = {isa = PBXBuildFile; fileRef = 859B55A41E0AC8FA00231A2B /* LaunchScreen.storyboard */; };
		859B55B31E0AD2E700231A2B /* FloatLabelTextField.swift in Sources */ = {isa = PBXBuildFile; fileRef = 859B55B11E0AD2E700231A2B /* FloatLabelTextField.swift */; };
		859B55B41E0AD2E700231A2B /* FloatLabelTextView.swift in Sources */ = {isa = PBXBuildFile; fileRef = 859B55B21E0AD2E700231A2B /* FloatLabelTextView.swift */; };
/* End PBXBuildFile section */

/* Begin PBXFileReference section */
		859B55981E0AC8FA00231A2B /* StoryCreator.app */ = {isa = PBXFileReference; explicitFileType = wrapper.application; includeInIndex = 0; path = StoryCreator.app; sourceTree = BUILT_PRODUCTS_DIR; };
		859B559B1E0AC8FA00231A2B /* AppDelegate.swift */ = {isa = PBXFileReference; lastKnownFileType = sourcecode.swift; path = AppDelegate.swift; sourceTree = "<group>"; };
		859B559D1E0AC8FA00231A2B /* ViewController.swift */ = {isa = PBXFileReference; lastKnownFileType = sourcecode.swift; path = ViewController.swift; sourceTree = "<group>"; };
		859B55A01E0AC8FA00231A2B /* Base */ = {isa = PBXFileReference; lastKnownFileType = file.storyboard; name = Base; path = Base.lproj/Main.storyboard; sourceTree = "<group>"; };
		859B55A21E0AC8FA00231A2B /* Assets.xcassets */ = {isa = PBXFileReference; lastKnownFileType = folder.assetcatalog; path = Assets.xcassets; sourceTree = "<group>"; };
		859B55A51E0AC8FA00231A2B /* Base */ = {isa = PBXFileReference; lastKnownFileType = file.storyboard; name = Base; path = Base.lproj/LaunchScreen.storyboard; sourceTree = "<group>"; };
		859B55A71E0AC8FA00231A2B /* Info.plist */ = {isa = PBXFileReference; lastKnownFileType = text.plist.xml; path = Info.plist; sourceTree = "<group>"; };
		859B55B11E0AD2E700231A2B /* FloatLabelTextField.swift */ = {isa = PBXFileReference; fileEncoding = 4; lastKnownFileType = sourcecode.swift; path = FloatLabelTextField.swift; sourceTree = "<group>"; };
		859B55B21E0AD2E700231A2B /* FloatLabelTextView.swift */ = {isa = PBXFileReference; fileEncoding = 4; lastKnownFileType = sourcecode.swift; path = FloatLabelTextView.swift; sourceTree = "<group>"; };
/* End PBXFileReference section */

/* Begin PBXFrameworksBuildPhase section */
		859B55951E0AC8FA00231A2B /* Frameworks */ = {
			isa = PBXFrameworksBuildPhase;
			buildActionMask = 2147483647;
			files = (
			);
			runOnlyForDeploymentPostprocessing = 0;
		};
/* End PBXFrameworksBuildPhase section */

/* Begin PBXGroup section */
		8531DCC51E0BD95000BDEECB /* Particles */ = {
			isa = PBXGroup;
			children = (
			);
			name = Particles;
			sourceTree = "<group>";
		};
		853534AE1E0BD6B300971F25 /* General */ = {
			isa = PBXGroup;
			children = (
				859B559B1E0AC8FA00231A2B /* AppDelegate.swift */,
			);
			name = General;
			sourceTree = "<group>";
		};
		853534AF1E0BD6C000971F25 /* NewParticlesColletions */ = {
			isa = PBXGroup;
			children = (
			);
			name = NewParticlesColletions;
			sourceTree = "<group>";
		};
		859B558F1E0AC8FA00231A2B = {
			isa = PBXGroup;
			children = (
				859B559A1E0AC8FA00231A2B /* StoryCreator */,
				859B55991E0AC8FA00231A2B /* Products */,
			);
			sourceTree = "<group>";
		};
		859B55991E0AC8FA00231A2B /* Products */ = {
			isa = PBXGroup;
			children = (
				859B55981E0AC8FA00231A2B /* StoryCreator.app */,
			);
			name = Products;
			sourceTree = "<group>";
		};
		859B559A1E0AC8FA00231A2B /* StoryCreator */ = {
			isa = PBXGroup;
			children = (
				859B55AD1E0ACC7F00231A2B /* Controller */,
				859B55AE1E0ACC8500231A2B /* View */,
				859B55AF1E0ACC9E00231A2B /* Supporting Files */,
			);
			path = StoryCreator;
			sourceTree = "<group>";
		};
		859B55AD1E0ACC7F00231A2B /* Controller */ = {
			isa = PBXGroup;
			children = (
				8531DCC51E0BD95000BDEECB /* Particles */,
				853534AF1E0BD6C000971F25 /* NewParticlesColletions */,
				853534AE1E0BD6B300971F25 /* General */,
				859B559D1E0AC8FA00231A2B /* ViewController.swift */,
			);
			name = Controller;
			sourceTree = "<group>";
		};
		859B55AE1E0ACC8500231A2B /* View */ = {
			isa = PBXGroup;
			children = (
				859B559F1E0AC8FA00231A2B /* Main.storyboard */,
				859B55A21E0AC8FA00231A2B /* Assets.xcassets */,
				859B55A41E0AC8FA00231A2B /* LaunchScreen.storyboard */,
			);
			name = View;
			sourceTree = "<group>";
		};
		859B55AF1E0ACC9E00231A2B /* Supporting Files */ = {
			isa = PBXGroup;
			children = (
				859B55B01E0AD2D200231A2B /* FloatLabel */,
				859B55A71E0AC8FA00231A2B /* Info.plist */,
			);
			name = "Supporting Files";
			sourceTree = "<group>";
		};
		859B55B01E0AD2D200231A2B /* FloatLabel */ = {
			isa = PBXGroup;
			children = (
				859B55B11E0AD2E700231A2B /* FloatLabelTextField.swift */,
				859B55B21E0AD2E700231A2B /* FloatLabelTextView.swift */,
			);
			name = FloatLabel;
			sourceTree = "<group>";
		};
/* End PBXGroup section */

/* Begin PBXNativeTarget section */
		859B55971E0AC8FA00231A2B /* StoryCreator */ = {
			isa = PBXNativeTarget;
			buildConfigurationList = 859B55AA1E0AC8FA00231A2B /* Build configuration list for PBXNativeTarget "StoryCreator" */;
			buildPhases = (
				859B55941E0AC8FA00231A2B /* Sources */,
				859B55951E0AC8FA00231A2B /* Frameworks */,
				859B55961E0AC8FA00231A2B /* Resources */,
			);
			buildRules = (
			);
			dependencies = (
			);
			name = StoryCreator;
			productName = StoryCreator;
			productReference = 859B55981E0AC8FA00231A2B /* StoryCreator.app */;
			productType = "com.apple.product-type.application";
		};
/* End PBXNativeTarget section */

/* Begin PBXProject section */
		859B55901E0AC8FA00231A2B /* Project object */ = {
			isa = PBXProject;
			attributes = {
				LastSwiftUpdateCheck = 0820;
				LastUpgradeCheck = 0820;
				ORGANIZATIONNAME = Playbuzz;
				TargetAttributes = {
					859B55971E0AC8FA00231A2B = {
						CreatedOnToolsVersion = 8.2;
						ProvisioningStyle = Automatic;
					};
				};
			};
			buildConfigurationList = 859B55931E0AC8FA00231A2B /* Build configuration list for PBXProject "StoryCreator" */;
			compatibilityVersion = "Xcode 3.2";
			developmentRegion = English;
			hasScannedForEncodings = 0;
			knownRegions = (
				en,
				Base,
			);
			mainGroup = 859B558F1E0AC8FA00231A2B;
			productRefGroup = 859B55991E0AC8FA00231A2B /* Products */;
			projectDirPath = "";
			projectRoot = "";
			targets = (
				859B55971E0AC8FA00231A2B /* StoryCreator */,
			);
		};
/* End PBXProject section */

/* Begin PBXResourcesBuildPhase section */
		859B55961E0AC8FA00231A2B /* Resources */ = {
			isa = PBXResourcesBuildPhase;
			buildActionMask = 2147483647;
			files = (
				859B55A61E0AC8FA00231A2B /* LaunchScreen.storyboard in Resources */,
				859B55A31E0AC8FA00231A2B /* Assets.xcassets in Resources */,
				859B55A11E0AC8FA00231A2B /* Main.storyboard in Resources */,
			);
			runOnlyForDeploymentPostprocessing = 0;
		};
/* End PBXResourcesBuildPhase section */

/* Begin PBXSourcesBuildPhase section */
		859B55941E0AC8FA00231A2B /* Sources */ = {
			isa = PBXSourcesBuildPhase;
			buildActionMask = 2147483647;
			files = (
				859B55B31E0AD2E700231A2B /* FloatLabelTextField.swift in Sources */,
				859B55B41E0AD2E700231A2B /* FloatLabelTextView.swift in Sources */,
				859B559E1E0AC8FA00231A2B /* ViewController.swift in Sources */,
				859B559C1E0AC8FA00231A2B /* AppDelegate.swift in Sources */,
			);
			runOnlyForDeploymentPostprocessing = 0;
		};
/* End PBXSourcesBuildPhase section */

/* Begin PBXVariantGroup section */
		859B559F1E0AC8FA00231A2B /* Main.storyboard */ = {
			isa = PBXVariantGroup;
			children = (
				859B55A01E0AC8FA00231A2B /* Base */,
			);
			name = Main.storyboard;
			sourceTree = "<group>";
		};
		859B55A41E0AC8FA00231A2B /* LaunchScreen.storyboard */ = {
			isa = PBXVariantGroup;
			children = (
				859B55A51E0AC8FA00231A2B /* Base */,
			);
			name = LaunchScreen.storyboard;
			sourceTree = "<group>";
		};
/* End PBXVariantGroup section */

/* Begin XCBuildConfiguration section */
		859B55A81E0AC8FA00231A2B /* Debug */ = {
			isa = XCBuildConfiguration;
			buildSettings = {
				ALWAYS_SEARCH_USER_PATHS = NO;
				CLANG_ANALYZER_NONNULL = YES;
				CLANG_CXX_LANGUAGE_STANDARD = "gnu++0x";
				CLANG_CXX_LIBRARY = "libc++";
				CLANG_ENABLE_MODULES = YES;
				CLANG_ENABLE_OBJC_ARC = YES;
				CLANG_WARN_BOOL_CONVERSION = YES;
				CLANG_WARN_CONSTANT_CONVERSION = YES;
				CLANG_WARN_DIRECT_OBJC_ISA_USAGE = YES_ERROR;
				CLANG_WARN_DOCUMENTATION_COMMENTS = YES;
				CLANG_WARN_EMPTY_BODY = YES;
				CLANG_WARN_ENUM_CONVERSION = YES;
				CLANG_WARN_INFINITE_RECURSION = YES;
				CLANG_WARN_INT_CONVERSION = YES;
				CLANG_WARN_OBJC_ROOT_CLASS = YES_ERROR;
				CLANG_WARN_SUSPICIOUS_MOVE = YES;
				CLANG_WARN_UNREACHABLE_CODE = YES;
				CLANG_WARN__DUPLICATE_METHOD_MATCH = YES;
				"CODE_SIGN_IDENTITY[sdk=iphoneos*]" = "iPhone Developer";
				COPY_PHASE_STRIP = NO;
				DEBUG_INFORMATION_FORMAT = dwarf;
				ENABLE_STRICT_OBJC_MSGSEND = YES;
				ENABLE_TESTABILITY = YES;
				GCC_C_LANGUAGE_STANDARD = gnu99;
				GCC_DYNAMIC_NO_PIC = NO;
				GCC_NO_COMMON_BLOCKS = YES;
				GCC_OPTIMIZATION_LEVEL = 0;
				GCC_PREPROCESSOR_DEFINITIONS = (
					"DEBUG=1",
					"$(inherited)",
				);
				GCC_WARN_64_TO_32_BIT_CONVERSION = YES;
				GCC_WARN_ABOUT_RETURN_TYPE = YES_ERROR;
				GCC_WARN_UNDECLARED_SELECTOR = YES;
				GCC_WARN_UNINITIALIZED_AUTOS = YES_AGGRESSIVE;
				GCC_WARN_UNUSED_FUNCTION = YES;
				GCC_WARN_UNUSED_VARIABLE = YES;
				IPHONEOS_DEPLOYMENT_TARGET = 10.2;
				MTL_ENABLE_DEBUG_INFO = YES;
				ONLY_ACTIVE_ARCH = YES;
				SDKROOT = iphoneos;
				SWIFT_ACTIVE_COMPILATION_CONDITIONS = DEBUG;
				SWIFT_OPTIMIZATION_LEVEL = "-Onone";
				TARGETED_DEVICE_FAMILY = "1,2";
			};
			name = Debug;
		};
		859B55A91E0AC8FA00231A2B /* Release */ = {
			isa = XCBuildConfiguration;
			buildSettings = {
				ALWAYS_SEARCH_USER_PATHS = NO;
				CLANG_ANALYZER_NONNULL = YES;
				CLANG_CXX_LANGUAGE_STANDARD = "gnu++0x";
				CLANG_CXX_LIBRARY = "libc++";
				CLANG_ENABLE_MODULES = YES;
				CLANG_ENABLE_OBJC_ARC = YES;
				CLANG_WARN_BOOL_CONVERSION = YES;
				CLANG_WARN_CONSTANT_CONVERSION = YES;
				CLANG_WARN_DIRECT_OBJC_ISA_USAGE = YES_ERROR;
				CLANG_WARN_DOCUMENTATION_COMMENTS = YES;
				CLANG_WARN_EMPTY_BODY = YES;
				CLANG_WARN_ENUM_CONVERSION = YES;
				CLANG_WARN_INFINITE_RECURSION = YES;
				CLANG_WARN_INT_CONVERSION = YES;
				CLANG_WARN_OBJC_ROOT_CLASS = YES_ERROR;
				CLANG_WARN_SUSPICIOUS_MOVE = YES;
				CLANG_WARN_UNREACHABLE_CODE = YES;
				CLANG_WARN__DUPLICATE_METHOD_MATCH = YES;
				"CODE_SIGN_IDENTITY[sdk=iphoneos*]" = "iPhone Developer";
				COPY_PHASE_STRIP = NO;
				DEBUG_INFORMATION_FORMAT = "dwarf-with-dsym";
				ENABLE_NS_ASSERTIONS = NO;
				ENABLE_STRICT_OBJC_MSGSEND = YES;
				GCC_C_LANGUAGE_STANDARD = gnu99;
				GCC_NO_COMMON_BLOCKS = YES;
				GCC_WARN_64_TO_32_BIT_CONVERSION = YES;
				GCC_WARN_ABOUT_RETURN_TYPE = YES_ERROR;
				GCC_WARN_UNDECLARED_SELECTOR = YES;
				GCC_WARN_UNINITIALIZED_AUTOS = YES_AGGRESSIVE;
				GCC_WARN_UNUSED_FUNCTION = YES;
				GCC_WARN_UNUSED_VARIABLE = YES;
				IPHONEOS_DEPLOYMENT_TARGET = 10.2;
				MTL_ENABLE_DEBUG_INFO = NO;
				SDKROOT = iphoneos;
				SWIFT_OPTIMIZATION_LEVEL = "-Owholemodule";
				TARGETED_DEVICE_FAMILY = "1,2";
				VALIDATE_PRODUCT = YES;
			};
			name = Release;
		};
		859B55AB1E0AC8FA00231A2B /* Debug */ = {
			isa = XCBuildConfiguration;
			buildSettings = {
				ASSETCATALOG_COMPILER_APPICON_NAME = AppIcon;
				INFOPLIST_FILE = StoryCreator/Info.plist;
				LD_RUNPATH_SEARCH_PATHS = "$(inherited) @executable_path/Frameworks";
				PRODUCT_BUNDLE_IDENTIFIER = com.Playbuzz.StoryCreator;
				PRODUCT_NAME = "$(TARGET_NAME)";
				SWIFT_VERSION = 3.0;
			};
			name = Debug;
		};
		859B55AC1E0AC8FA00231A2B /* Release */ = {
			isa = XCBuildConfiguration;
			buildSettings = {
				ASSETCATALOG_COMPILER_APPICON_NAME = AppIcon;
				INFOPLIST_FILE = StoryCreator/Info.plist;
				LD_RUNPATH_SEARCH_PATHS = "$(inherited) @executable_path/Frameworks";
				PRODUCT_BUNDLE_IDENTIFIER = com.Playbuzz.StoryCreator;
				PRODUCT_NAME = "$(TARGET_NAME)";
				SWIFT_VERSION = 3.0;
			};
			name = Release;
		};
/* End XCBuildConfiguration section */

/* Begin XCConfigurationList section */
		859B55931E0AC8FA00231A2B /* Build configuration list for PBXProject "StoryCreator" */ = {
			isa = XCConfigurationList;
			buildConfigurations = (
				859B55A81E0AC8FA00231A2B /* Debug */,
				859B55A91E0AC8FA00231A2B /* Release */,
			);
			defaultConfigurationIsVisible = 0;
			defaultConfigurationName = Release;
		};
		859B55AA1E0AC8FA00231A2B /* Build configuration list for PBXNativeTarget "StoryCreator" */ = {
			isa = XCConfigurationList;
			buildConfigurations = (
				859B55AB1E0AC8FA00231A2B /* Debug */,
				859B55AC1E0AC8FA00231A2B /* Release */,
			);
			defaultConfigurationIsVisible = 0;
			defaultConfigurationName = Release;
		};
/* End XCConfigurationList section */
	};
	rootObject = 859B55901E0AC8FA00231A2B /* Project object */;
}
