// !$*UTF8*$!
{
	archiveVersion = 1;
	classes = {
	};
	objectVersion = 46;
	objects = {

/* Begin PBXBuildFile section */
		85180E321E7EB3E600BC1000 /* ImageParticleCell.swift in Sources */ = {isa = PBXBuildFile; fileRef = 85180E311E7EB3E600BC1000 /* ImageParticleCell.swift */; };
		85243CE91E7993E000768C5C /* TextParticle.swift in Sources */ = {isa = PBXBuildFile; fileRef = 85243CE81E7993E000768C5C /* TextParticle.swift */; };
		85243CEB1E7AE62800768C5C /* ImageParticle.swift in Sources */ = {isa = PBXBuildFile; fileRef = 85243CEA1E7AE62800768C5C /* ImageParticle.swift */; };
		85243CED1E7AE81300768C5C /* MapParticle.swift in Sources */ = {isa = PBXBuildFile; fileRef = 85243CEC1E7AE81300768C5C /* MapParticle.swift */; };
		852541601E42170F008F6A09 /* Assets.xcassets in Resources */ = {isa = PBXBuildFile; fileRef = 8525415F1E42170F008F6A09 /* Assets.xcassets */; };
		852541651E421717008F6A09 /* LaunchScreen.storyboard in Resources */ = {isa = PBXBuildFile; fileRef = 852541611E421717008F6A09 /* LaunchScreen.storyboard */; };
		852541661E421717008F6A09 /* Main.storyboard in Resources */ = {isa = PBXBuildFile; fileRef = 852541631E421717008F6A09 /* Main.storyboard */; };
		8525416C1E4217CE008F6A09 /* StoryCreatorViewController.swift in Sources */ = {isa = PBXBuildFile; fileRef = 8525416B1E4217CE008F6A09 /* StoryCreatorViewController.swift */; };
		8525416E1E4217D9008F6A09 /* StoryCreatorDataSource.swift in Sources */ = {isa = PBXBuildFile; fileRef = 8525416D1E4217D9008F6A09 /* StoryCreatorDataSource.swift */; };
		852541741E421839008F6A09 /* ParticleOverviewCell.swift in Sources */ = {isa = PBXBuildFile; fileRef = 852541701E421839008F6A09 /* ParticleOverviewCell.swift */; };
		852541761E421839008F6A09 /* TitleCoverAndDescriptionHeader.swift in Sources */ = {isa = PBXBuildFile; fileRef = 852541721E421839008F6A09 /* TitleCoverAndDescriptionHeader.swift */; };
		8525417F1E421DCD008F6A09 /* ParticleIconCell.swift in Sources */ = {isa = PBXBuildFile; fileRef = 8525417D1E421DCD008F6A09 /* ParticleIconCell.swift */; };
		852541801E421DCD008F6A09 /* NewParticlesDataSourse.swift in Sources */ = {isa = PBXBuildFile; fileRef = 8525417E1E421DCD008F6A09 /* NewParticlesDataSourse.swift */; };
		852C02631E0C18A7006B5795 /* Particle.swift in Sources */ = {isa = PBXBuildFile; fileRef = 852C02621E0C18A7006B5795 /* Particle.swift */; };
		85438E881E813A17001AFC8F /* CheckInViewController.swift in Sources */ = {isa = PBXBuildFile; fileRef = 85438E871E813A17001AFC8F /* CheckInViewController.swift */; };
		85438E8A1E813B3F001AFC8F /* CheckInTableViewCell.swift in Sources */ = {isa = PBXBuildFile; fileRef = 85438E891E813B3F001AFC8F /* CheckInTableViewCell.swift */; };
		85438E8C1E813E5B001AFC8F /* CheckInDetails.swift in Sources */ = {isa = PBXBuildFile; fileRef = 85438E8B1E813E5B001AFC8F /* CheckInDetails.swift */; };
		85438E8E1E815396001AFC8F /* MapParticleCell.swift in Sources */ = {isa = PBXBuildFile; fileRef = 85438E8D1E815396001AFC8F /* MapParticleCell.swift */; };
		85438E901E8172DF001AFC8F /* QuoteParticle.swift in Sources */ = {isa = PBXBuildFile; fileRef = 85438E8F1E8172DF001AFC8F /* QuoteParticle.swift */; };
		85438E921E817316001AFC8F /* QuoteParticleCell.swift in Sources */ = {isa = PBXBuildFile; fileRef = 85438E911E817316001AFC8F /* QuoteParticleCell.swift */; };
		856A3AC41E840C7500EF7FDD /* StreetViewParticle.swift in Sources */ = {isa = PBXBuildFile; fileRef = 856A3AC31E840C7500EF7FDD /* StreetViewParticle.swift */; };
		856A3AC61E840DB600EF7FDD /* StreetViewParticleCell.swift in Sources */ = {isa = PBXBuildFile; fileRef = 856A3AC51E840DB600EF7FDD /* StreetViewParticleCell.swift */; };
		856A3AC81E8412F800EF7FDD /* ConvoParticleCell.swift in Sources */ = {isa = PBXBuildFile; fileRef = 856A3AC71E8412F800EF7FDD /* ConvoParticleCell.swift */; };
		856A3ACA1E8413CC00EF7FDD /* ConvoParticle.swift in Sources */ = {isa = PBXBuildFile; fileRef = 856A3AC91E8413CC00EF7FDD /* ConvoParticle.swift */; };
		856A3ACD1E84426700EF7FDD /* FinishedStoryViewController.swift in Sources */ = {isa = PBXBuildFile; fileRef = 856A3ACC1E84426700EF7FDD /* FinishedStoryViewController.swift */; };
		859B559C1E0AC8FA00231A2B /* AppDelegate.swift in Sources */ = {isa = PBXBuildFile; fileRef = 859B559B1E0AC8FA00231A2B /* AppDelegate.swift */; };
		859B55B31E0AD2E700231A2B /* FloatLabelTextField.swift in Sources */ = {isa = PBXBuildFile; fileRef = 859B55B11E0AD2E700231A2B /* FloatLabelTextField.swift */; };
		859B55B41E0AD2E700231A2B /* FloatLabelTextView.swift in Sources */ = {isa = PBXBuildFile; fileRef = 859B55B21E0AD2E700231A2B /* FloatLabelTextView.swift */; };
		85AF5F5F1E76B5830069A587 /* FirebaseManager.swift in Sources */ = {isa = PBXBuildFile; fileRef = 85AF5F5E1E76B5830069A587 /* FirebaseManager.swift */; };
		85AF5F641E76D3950069A587 /* TextParticleCell.swift in Sources */ = {isa = PBXBuildFile; fileRef = 85AF5F631E76D3950069A587 /* TextParticleCell.swift */; };
		85D675931E3637B2003B9798 /* LPRTableView.swift in Sources */ = {isa = PBXBuildFile; fileRef = 85D675921E3637B2003B9798 /* LPRTableView.swift */; };
		85DDC5921E2FCA100077E942 /* GoogleService-Info.plist in Resources */ = {isa = PBXBuildFile; fileRef = 85DDC5911E2FCA100077E942 /* GoogleService-Info.plist */; };
		989A2345E41CEB9D85ACB3B1 /* Pods_StoryCreator.framework in Frameworks */ = {isa = PBXBuildFile; fileRef = 849CDF9A9E24697EC0AE0A98 /* Pods_StoryCreator.framework */; };
/* End PBXBuildFile section */

/* Begin PBXFileReference section */
		46D0F28B86A88446D3578897 /* Pods-StoryCreator.debug.xcconfig */ = {isa = PBXFileReference; includeInIndex = 1; lastKnownFileType = text.xcconfig; name = "Pods-StoryCreator.debug.xcconfig"; path = "Pods/Target Support Files/Pods-StoryCreator/Pods-StoryCreator.debug.xcconfig"; sourceTree = "<group>"; };
		849CDF9A9E24697EC0AE0A98 /* Pods_StoryCreator.framework */ = {isa = PBXFileReference; explicitFileType = wrapper.framework; includeInIndex = 0; path = Pods_StoryCreator.framework; sourceTree = BUILT_PRODUCTS_DIR; };
		85180E311E7EB3E600BC1000 /* ImageParticleCell.swift */ = {isa = PBXFileReference; fileEncoding = 4; lastKnownFileType = sourcecode.swift; name = ImageParticleCell.swift; path = Controller/Particles/ImageParticleCell.swift; sourceTree = "<group>"; };
		85243CE81E7993E000768C5C /* TextParticle.swift */ = {isa = PBXFileReference; fileEncoding = 4; lastKnownFileType = sourcecode.swift; name = TextParticle.swift; path = Model/TextParticle.swift; sourceTree = "<group>"; };
		85243CEA1E7AE62800768C5C /* ImageParticle.swift */ = {isa = PBXFileReference; fileEncoding = 4; lastKnownFileType = sourcecode.swift; name = ImageParticle.swift; path = Model/ImageParticle.swift; sourceTree = "<group>"; };
		85243CEC1E7AE81300768C5C /* MapParticle.swift */ = {isa = PBXFileReference; fileEncoding = 4; lastKnownFileType = sourcecode.swift; name = MapParticle.swift; path = Model/MapParticle.swift; sourceTree = "<group>"; };
		8525415F1E42170F008F6A09 /* Assets.xcassets */ = {isa = PBXFileReference; lastKnownFileType = folder.assetcatalog; name = Assets.xcassets; path = View/Assets.xcassets; sourceTree = "<group>"; };
		852541621E421717008F6A09 /* Base */ = {isa = PBXFileReference; lastKnownFileType = file.storyboard; name = Base; path = View/Base.lproj/LaunchScreen.storyboard; sourceTree = "<group>"; };
		852541641E421717008F6A09 /* Base */ = {isa = PBXFileReference; lastKnownFileType = file.storyboard; name = Base; path = View/Base.lproj/Main.storyboard; sourceTree = "<group>"; };
		8525416B1E4217CE008F6A09 /* StoryCreatorViewController.swift */ = {isa = PBXFileReference; fileEncoding = 4; lastKnownFileType = sourcecode.swift; name = StoryCreatorViewController.swift; path = Controller/Preview/StoryCreatorViewController.swift; sourceTree = "<group>"; };
		8525416D1E4217D9008F6A09 /* StoryCreatorDataSource.swift */ = {isa = PBXFileReference; fileEncoding = 4; lastKnownFileType = sourcecode.swift; name = StoryCreatorDataSource.swift; path = Controller/Preview/StoryCreatorDataSource.swift; sourceTree = "<group>"; };
		852541701E421839008F6A09 /* ParticleOverviewCell.swift */ = {isa = PBXFileReference; fileEncoding = 4; lastKnownFileType = sourcecode.swift; name = ParticleOverviewCell.swift; path = Controller/Preview/PreviewTableComponents/ParticleOverviewCell.swift; sourceTree = "<group>"; };
		852541721E421839008F6A09 /* TitleCoverAndDescriptionHeader.swift */ = {isa = PBXFileReference; fileEncoding = 4; lastKnownFileType = sourcecode.swift; name = TitleCoverAndDescriptionHeader.swift; path = Controller/Preview/PreviewTableComponents/TitleCoverAndDescriptionHeader.swift; sourceTree = "<group>"; };
		8525417D1E421DCD008F6A09 /* ParticleIconCell.swift */ = {isa = PBXFileReference; fileEncoding = 4; lastKnownFileType = sourcecode.swift; name = ParticleIconCell.swift; path = "Controller/Preview/PreviewTableComponents/New Particles/ParticleIconCell.swift"; sourceTree = "<group>"; };
		8525417E1E421DCD008F6A09 /* NewParticlesDataSourse.swift */ = {isa = PBXFileReference; fileEncoding = 4; lastKnownFileType = sourcecode.swift; name = NewParticlesDataSourse.swift; path = "Controller/Preview/PreviewTableComponents/New Particles/NewParticlesDataSourse.swift"; sourceTree = "<group>"; };
		852C02621E0C18A7006B5795 /* Particle.swift */ = {isa = PBXFileReference; fileEncoding = 4; lastKnownFileType = sourcecode.swift; name = Particle.swift; path = Model/Particle.swift; sourceTree = "<group>"; };
		85438E871E813A17001AFC8F /* CheckInViewController.swift */ = {isa = PBXFileReference; fileEncoding = 4; lastKnownFileType = sourcecode.swift; name = CheckInViewController.swift; path = Controller/CheckIn/CheckInViewController.swift; sourceTree = "<group>"; };
		85438E891E813B3F001AFC8F /* CheckInTableViewCell.swift */ = {isa = PBXFileReference; fileEncoding = 4; lastKnownFileType = sourcecode.swift; name = CheckInTableViewCell.swift; path = Controller/CheckIn/CheckInTableViewCell.swift; sourceTree = "<group>"; };
		85438E8B1E813E5B001AFC8F /* CheckInDetails.swift */ = {isa = PBXFileReference; fileEncoding = 4; lastKnownFileType = sourcecode.swift; name = CheckInDetails.swift; path = Model/CheckInDetails.swift; sourceTree = "<group>"; };
		85438E8D1E815396001AFC8F /* MapParticleCell.swift */ = {isa = PBXFileReference; fileEncoding = 4; lastKnownFileType = sourcecode.swift; name = MapParticleCell.swift; path = Controller/Particles/MapParticleCell.swift; sourceTree = "<group>"; };
		85438E8F1E8172DF001AFC8F /* QuoteParticle.swift */ = {isa = PBXFileReference; fileEncoding = 4; lastKnownFileType = sourcecode.swift; name = QuoteParticle.swift; path = Model/QuoteParticle.swift; sourceTree = "<group>"; };
		85438E911E817316001AFC8F /* QuoteParticleCell.swift */ = {isa = PBXFileReference; fileEncoding = 4; lastKnownFileType = sourcecode.swift; name = QuoteParticleCell.swift; path = Controller/Particles/QuoteParticleCell.swift; sourceTree = "<group>"; };
		856A3AC31E840C7500EF7FDD /* StreetViewParticle.swift */ = {isa = PBXFileReference; fileEncoding = 4; lastKnownFileType = sourcecode.swift; name = StreetViewParticle.swift; path = Model/StreetViewParticle.swift; sourceTree = "<group>"; };
		856A3AC51E840DB600EF7FDD /* StreetViewParticleCell.swift */ = {isa = PBXFileReference; fileEncoding = 4; lastKnownFileType = sourcecode.swift; name = StreetViewParticleCell.swift; path = Controller/Particles/StreetViewParticleCell.swift; sourceTree = "<group>"; };
		856A3AC71E8412F800EF7FDD /* ConvoParticleCell.swift */ = {isa = PBXFileReference; fileEncoding = 4; lastKnownFileType = sourcecode.swift; name = ConvoParticleCell.swift; path = Controller/Particles/ConvoParticleCell.swift; sourceTree = "<group>"; };
		856A3AC91E8413CC00EF7FDD /* ConvoParticle.swift */ = {isa = PBXFileReference; fileEncoding = 4; lastKnownFileType = sourcecode.swift; name = ConvoParticle.swift; path = Model/ConvoParticle.swift; sourceTree = "<group>"; };
		856A3ACC1E84426700EF7FDD /* FinishedStoryViewController.swift */ = {isa = PBXFileReference; fileEncoding = 4; lastKnownFileType = sourcecode.swift; name = FinishedStoryViewController.swift; path = Controller/FinishedStory/FinishedStoryViewController.swift; sourceTree = "<group>"; };
		859B55981E0AC8FA00231A2B /* StoryCreator.app */ = {isa = PBXFileReference; explicitFileType = wrapper.application; includeInIndex = 0; path = StoryCreator.app; sourceTree = BUILT_PRODUCTS_DIR; };
		859B559B1E0AC8FA00231A2B /* AppDelegate.swift */ = {isa = PBXFileReference; lastKnownFileType = sourcecode.swift; path = AppDelegate.swift; sourceTree = "<group>"; };
		859B55A71E0AC8FA00231A2B /* Info.plist */ = {isa = PBXFileReference; lastKnownFileType = text.plist.xml; path = Info.plist; sourceTree = "<group>"; };
		859B55B11E0AD2E700231A2B /* FloatLabelTextField.swift */ = {isa = PBXFileReference; fileEncoding = 4; lastKnownFileType = sourcecode.swift; path = FloatLabelTextField.swift; sourceTree = "<group>"; };
		859B55B21E0AD2E700231A2B /* FloatLabelTextView.swift */ = {isa = PBXFileReference; fileEncoding = 4; lastKnownFileType = sourcecode.swift; path = FloatLabelTextView.swift; sourceTree = "<group>"; };
		85AF5F5E1E76B5830069A587 /* FirebaseManager.swift */ = {isa = PBXFileReference; fileEncoding = 4; lastKnownFileType = sourcecode.swift; name = FirebaseManager.swift; path = Model/FirebaseManager.swift; sourceTree = "<group>"; };
		85AF5F631E76D3950069A587 /* TextParticleCell.swift */ = {isa = PBXFileReference; fileEncoding = 4; lastKnownFileType = sourcecode.swift; name = TextParticleCell.swift; path = Controller/Particles/TextParticleCell.swift; sourceTree = "<group>"; };
		85D675921E3637B2003B9798 /* LPRTableView.swift */ = {isa = PBXFileReference; fileEncoding = 4; lastKnownFileType = sourcecode.swift; path = LPRTableView.swift; sourceTree = "<group>"; };
		85DDC5911E2FCA100077E942 /* GoogleService-Info.plist */ = {isa = PBXFileReference; fileEncoding = 4; lastKnownFileType = text.plist.xml; path = "GoogleService-Info.plist"; sourceTree = "<group>"; };
		DF9CF8EDB0849B8B7E03C113 /* Pods-StoryCreator.release.xcconfig */ = {isa = PBXFileReference; includeInIndex = 1; lastKnownFileType = text.xcconfig; name = "Pods-StoryCreator.release.xcconfig"; path = "Pods/Target Support Files/Pods-StoryCreator/Pods-StoryCreator.release.xcconfig"; sourceTree = "<group>"; };
/* End PBXFileReference section */

/* Begin PBXFrameworksBuildPhase section */
		859B55951E0AC8FA00231A2B /* Frameworks */ = {
			isa = PBXFrameworksBuildPhase;
			buildActionMask = 2147483647;
			files = (
				989A2345E41CEB9D85ACB3B1 /* Pods_StoryCreator.framework in Frameworks */,
			);
			runOnlyForDeploymentPostprocessing = 0;
		};
/* End PBXFrameworksBuildPhase section */

/* Begin PBXGroup section */
		8525414E1E3E1661008F6A09 /* Particles */ = {
			isa = PBXGroup;
			children = (
				856A3AC71E8412F800EF7FDD /* ConvoParticleCell.swift */,
				856A3AC51E840DB600EF7FDD /* StreetViewParticleCell.swift */,
				852541701E421839008F6A09 /* ParticleOverviewCell.swift */,
				85AF5F631E76D3950069A587 /* TextParticleCell.swift */,
				85180E311E7EB3E600BC1000 /* ImageParticleCell.swift */,
				85438E8D1E815396001AFC8F /* MapParticleCell.swift */,
				85438E911E817316001AFC8F /* QuoteParticleCell.swift */,
			);
			name = Particles;
			sourceTree = "<group>";
		};
		852541521E3E3632008F6A09 /* Creator General Components */ = {
			isa = PBXGroup;
			children = (
				852541721E421839008F6A09 /* TitleCoverAndDescriptionHeader.swift */,
				8525417E1E421DCD008F6A09 /* NewParticlesDataSourse.swift */,
				8525417D1E421DCD008F6A09 /* ParticleIconCell.swift */,
			);
			name = "Creator General Components";
			sourceTree = "<group>";
		};
		852C02611E0C186F006B5795 /* Model */ = {
			isa = PBXGroup;
			children = (
				85AF5F621E76D0CC0069A587 /* Particles */,
				85AF5F5E1E76B5830069A587 /* FirebaseManager.swift */,
				85438E8B1E813E5B001AFC8F /* CheckInDetails.swift */,
			);
			name = Model;
			sourceTree = "<group>";
		};
		85438E861E8139C9001AFC8F /* CheckIn */ = {
			isa = PBXGroup;
			children = (
				85438E871E813A17001AFC8F /* CheckInViewController.swift */,
				85438E891E813B3F001AFC8F /* CheckInTableViewCell.swift */,
			);
			name = CheckIn;
			sourceTree = "<group>";
		};
		856A3ACB1E84421E00EF7FDD /* FinishedStory */ = {
			isa = PBXGroup;
			children = (
				856A3ACC1E84426700EF7FDD /* FinishedStoryViewController.swift */,
			);
			name = FinishedStory;
			sourceTree = "<group>";
		};
		859B558F1E0AC8FA00231A2B = {
			isa = PBXGroup;
			children = (
				859B559A1E0AC8FA00231A2B /* StoryCreator */,
				859B55AF1E0ACC9E00231A2B /* Supporting Files */,
				859B55991E0AC8FA00231A2B /* Products */,
				C43BDA37BE37657B705C32DE /* Pods */,
				E27C4DFD15D1399186E0F2D0 /* Frameworks */,
			);
			sourceTree = "<group>";
		};
		859B55991E0AC8FA00231A2B /* Products */ = {
			isa = PBXGroup;
			children = (
				859B55981E0AC8FA00231A2B /* StoryCreator.app */,
			);
			name = Products;
			sourceTree = "<group>";
		};
		859B559A1E0AC8FA00231A2B /* StoryCreator */ = {
			isa = PBXGroup;
			children = (
				859B55AE1E0ACC8500231A2B /* View */,
				852C02611E0C186F006B5795 /* Model */,
				859B55AD1E0ACC7F00231A2B /* Controller */,
			);
			path = StoryCreator;
			sourceTree = "<group>";
		};
		859B55AD1E0ACC7F00231A2B /* Controller */ = {
			isa = PBXGroup;
			children = (
				856A3ACB1E84421E00EF7FDD /* FinishedStory */,
				8525416B1E4217CE008F6A09 /* StoryCreatorViewController.swift */,
				8525416D1E4217D9008F6A09 /* StoryCreatorDataSource.swift */,
				8525414E1E3E1661008F6A09 /* Particles */,
				85438E861E8139C9001AFC8F /* CheckIn */,
				852541521E3E3632008F6A09 /* Creator General Components */,
			);
			name = Controller;
			sourceTree = "<group>";
		};
		859B55AE1E0ACC8500231A2B /* View */ = {
			isa = PBXGroup;
			children = (
				8525415F1E42170F008F6A09 /* Assets.xcassets */,
				852541611E421717008F6A09 /* LaunchScreen.storyboard */,
				852541631E421717008F6A09 /* Main.storyboard */,
			);
			name = View;
			sourceTree = "<group>";
		};
		859B55AF1E0ACC9E00231A2B /* Supporting Files */ = {
			isa = PBXGroup;
			children = (
				85D675921E3637B2003B9798 /* LPRTableView.swift */,
				859B559B1E0AC8FA00231A2B /* AppDelegate.swift */,
				85DDC5911E2FCA100077E942 /* GoogleService-Info.plist */,
				859B55B01E0AD2D200231A2B /* FloatLabel */,
				859B55A71E0AC8FA00231A2B /* Info.plist */,
			);
			name = "Supporting Files";
			path = StoryCreator;
			sourceTree = "<group>";
		};
		859B55B01E0AD2D200231A2B /* FloatLabel */ = {
			isa = PBXGroup;
			children = (
				859B55B11E0AD2E700231A2B /* FloatLabelTextField.swift */,
				859B55B21E0AD2E700231A2B /* FloatLabelTextView.swift */,
			);
			name = FloatLabel;
			sourceTree = "<group>";
		};
		85AF5F621E76D0CC0069A587 /* Particles */ = {
			isa = PBXGroup;
			children = (
				852C02621E0C18A7006B5795 /* Particle.swift */,
				85243CE81E7993E000768C5C /* TextParticle.swift */,
				85243CEA1E7AE62800768C5C /* ImageParticle.swift */,
				85243CEC1E7AE81300768C5C /* MapParticle.swift */,
				85438E8F1E8172DF001AFC8F /* QuoteParticle.swift */,
				856A3AC31E840C7500EF7FDD /* StreetViewParticle.swift */,
				856A3AC91E8413CC00EF7FDD /* ConvoParticle.swift */,
			);
			name = Particles;
			sourceTree = "<group>";
		};
		C43BDA37BE37657B705C32DE /* Pods */ = {
			isa = PBXGroup;
			children = (
				46D0F28B86A88446D3578897 /* Pods-StoryCreator.debug.xcconfig */,
				DF9CF8EDB0849B8B7E03C113 /* Pods-StoryCreator.release.xcconfig */,
			);
			name = Pods;
			sourceTree = "<group>";
		};
		E27C4DFD15D1399186E0F2D0 /* Frameworks */ = {
			isa = PBXGroup;
			children = (
				849CDF9A9E24697EC0AE0A98 /* Pods_StoryCreator.framework */,
			);
			name = Frameworks;
			sourceTree = "<group>";
		};
/* End PBXGroup section */

/* Begin PBXNativeTarget section */
		859B55971E0AC8FA00231A2B /* StoryCreator */ = {
			isa = PBXNativeTarget;
			buildConfigurationList = 859B55AA1E0AC8FA00231A2B /* Build configuration list for PBXNativeTarget "StoryCreator" */;
			buildPhases = (
				756064263DB1378766D5A83B /* [CP] Check Pods Manifest.lock */,
				859B55941E0AC8FA00231A2B /* Sources */,
				859B55951E0AC8FA00231A2B /* Frameworks */,
				859B55961E0AC8FA00231A2B /* Resources */,
				B7A9E6F78020BAEE44B18E11 /* [CP] Embed Pods Frameworks */,
				063EA2C99B5AAA60C9D8957B /* [CP] Copy Pods Resources */,
			);
			buildRules = (
			);
			dependencies = (
			);
			name = StoryCreator;
			productName = StoryCreator;
			productReference = 859B55981E0AC8FA00231A2B /* StoryCreator.app */;
			productType = "com.apple.product-type.application";
		};
/* End PBXNativeTarget section */

/* Begin PBXProject section */
		859B55901E0AC8FA00231A2B /* Project object */ = {
			isa = PBXProject;
			attributes = {
				LastSwiftUpdateCheck = 0820;
				LastUpgradeCheck = 0820;
				ORGANIZATIONNAME = Playbuzz;
				TargetAttributes = {
					859B55971E0AC8FA00231A2B = {
						CreatedOnToolsVersion = 8.2;
						DevelopmentTeam = RP7F8YYSX4;
						ProvisioningStyle = Automatic;
					};
				};
			};
			buildConfigurationList = 859B55931E0AC8FA00231A2B /* Build configuration list for PBXProject "StoryCreator" */;
			compatibilityVersion = "Xcode 3.2";
			developmentRegion = English;
			hasScannedForEncodings = 0;
			knownRegions = (
				en,
				Base,
			);
			mainGroup = 859B558F1E0AC8FA00231A2B;
			productRefGroup = 859B55991E0AC8FA00231A2B /* Products */;
			projectDirPath = "";
			projectRoot = "";
			targets = (
				859B55971E0AC8FA00231A2B /* StoryCreator */,
			);
		};
/* End PBXProject section */

/* Begin PBXResourcesBuildPhase section */
		859B55961E0AC8FA00231A2B /* Resources */ = {
			isa = PBXResourcesBuildPhase;
			buildActionMask = 2147483647;
			files = (
				852541651E421717008F6A09 /* LaunchScreen.storyboard in Resources */,
				852541601E42170F008F6A09 /* Assets.xcassets in Resources */,
				85DDC5921E2FCA100077E942 /* GoogleService-Info.plist in Resources */,
				852541661E421717008F6A09 /* Main.storyboard in Resources */,
			);
			runOnlyForDeploymentPostprocessing = 0;
		};
/* End PBXResourcesBuildPhase section */

/* Begin PBXShellScriptBuildPhase section */
		063EA2C99B5AAA60C9D8957B /* [CP] Copy Pods Resources */ = {
			isa = PBXShellScriptBuildPhase;
			buildActionMask = 2147483647;
			files = (
			);
			inputPaths = (
			);
			name = "[CP] Copy Pods Resources";
			outputPaths = (
			);
			runOnlyForDeploymentPostprocessing = 0;
			shellPath = /bin/sh;
			shellScript = "\"${SRCROOT}/Pods/Target Support Files/Pods-StoryCreator/Pods-StoryCreator-resources.sh\"\n";
			showEnvVarsInLog = 0;
		};
		756064263DB1378766D5A83B /* [CP] Check Pods Manifest.lock */ = {
			isa = PBXShellScriptBuildPhase;
			buildActionMask = 2147483647;
			files = (
			);
			inputPaths = (
			);
			name = "[CP] Check Pods Manifest.lock";
			outputPaths = (
			);
			runOnlyForDeploymentPostprocessing = 0;
			shellPath = /bin/sh;
			shellScript = "diff \"${PODS_ROOT}/../Podfile.lock\" \"${PODS_ROOT}/Manifest.lock\" > /dev/null\nif [ $? != 0 ] ; then\n    # print error to STDERR\n    echo \"error: The sandbox is not in sync with the Podfile.lock. Run 'pod install' or update your CocoaPods installation.\" >&2\n    exit 1\nfi\n";
			showEnvVarsInLog = 0;
		};
		B7A9E6F78020BAEE44B18E11 /* [CP] Embed Pods Frameworks */ = {
			isa = PBXShellScriptBuildPhase;
			buildActionMask = 2147483647;
			files = (
			);
			inputPaths = (
			);
			name = "[CP] Embed Pods Frameworks";
			outputPaths = (
			);
			runOnlyForDeploymentPostprocessing = 0;
			shellPath = /bin/sh;
			shellScript = "\"${SRCROOT}/Pods/Target Support Files/Pods-StoryCreator/Pods-StoryCreator-frameworks.sh\"\n";
			showEnvVarsInLog = 0;
		};
/* End PBXShellScriptBuildPhase section */

/* Begin PBXSourcesBuildPhase section */
		859B55941E0AC8FA00231A2B /* Sources */ = {
			isa = PBXSourcesBuildPhase;
			buildActionMask = 2147483647;
			files = (
				85AF5F641E76D3950069A587 /* TextParticleCell.swift in Sources */,
				85AF5F5F1E76B5830069A587 /* FirebaseManager.swift in Sources */,
				856A3ACD1E84426700EF7FDD /* FinishedStoryViewController.swift in Sources */,
				85438E8E1E815396001AFC8F /* MapParticleCell.swift in Sources */,
				85243CE91E7993E000768C5C /* TextParticle.swift in Sources */,
				856A3ACA1E8413CC00EF7FDD /* ConvoParticle.swift in Sources */,
				8525416E1E4217D9008F6A09 /* StoryCreatorDataSource.swift in Sources */,
				852541761E421839008F6A09 /* TitleCoverAndDescriptionHeader.swift in Sources */,
				85438E921E817316001AFC8F /* QuoteParticleCell.swift in Sources */,
				859B55B31E0AD2E700231A2B /* FloatLabelTextField.swift in Sources */,
				852C02631E0C18A7006B5795 /* Particle.swift in Sources */,
				85180E321E7EB3E600BC1000 /* ImageParticleCell.swift in Sources */,
				852541801E421DCD008F6A09 /* NewParticlesDataSourse.swift in Sources */,
				859B55B41E0AD2E700231A2B /* FloatLabelTextView.swift in Sources */,
				85438E8C1E813E5B001AFC8F /* CheckInDetails.swift in Sources */,
				85243CEB1E7AE62800768C5C /* ImageParticle.swift in Sources */,
				85438E881E813A17001AFC8F /* CheckInViewController.swift in Sources */,
				856A3AC61E840DB600EF7FDD /* StreetViewParticleCell.swift in Sources */,
				852541741E421839008F6A09 /* ParticleOverviewCell.swift in Sources */,
				8525417F1E421DCD008F6A09 /* ParticleIconCell.swift in Sources */,
				856A3AC41E840C7500EF7FDD /* StreetViewParticle.swift in Sources */,
				856A3AC81E8412F800EF7FDD /* ConvoParticleCell.swift in Sources */,
				8525416C1E4217CE008F6A09 /* StoryCreatorViewController.swift in Sources */,
				85D675931E3637B2003B9798 /* LPRTableView.swift in Sources */,
				85438E8A1E813B3F001AFC8F /* CheckInTableViewCell.swift in Sources */,
				85438E901E8172DF001AFC8F /* QuoteParticle.swift in Sources */,
				85243CED1E7AE81300768C5C /* MapParticle.swift in Sources */,
				859B559C1E0AC8FA00231A2B /* AppDelegate.swift in Sources */,
			);
			runOnlyForDeploymentPostprocessing = 0;
		};
/* End PBXSourcesBuildPhase section */

/* Begin PBXVariantGroup section */
		852541611E421717008F6A09 /* LaunchScreen.storyboard */ = {
			isa = PBXVariantGroup;
			children = (
				852541621E421717008F6A09 /* Base */,
			);
			name = LaunchScreen.storyboard;
			sourceTree = "<group>";
		};
		852541631E421717008F6A09 /* Main.storyboard */ = {
			isa = PBXVariantGroup;
			children = (
				852541641E421717008F6A09 /* Base */,
			);
			name = Main.storyboard;
			sourceTree = "<group>";
		};
/* End PBXVariantGroup section */

/* Begin XCBuildConfiguration section */
		859B55A81E0AC8FA00231A2B /* Debug */ = {
			isa = XCBuildConfiguration;
			buildSettings = {
				ALWAYS_SEARCH_USER_PATHS = NO;
				CLANG_ANALYZER_NONNULL = YES;
				CLANG_CXX_LANGUAGE_STANDARD = "gnu++0x";
				CLANG_CXX_LIBRARY = "libc++";
				CLANG_ENABLE_MODULES = YES;
				CLANG_ENABLE_OBJC_ARC = YES;
				CLANG_WARN_BOOL_CONVERSION = YES;
				CLANG_WARN_CONSTANT_CONVERSION = YES;
				CLANG_WARN_DIRECT_OBJC_ISA_USAGE = YES_ERROR;
				CLANG_WARN_DOCUMENTATION_COMMENTS = YES;
				CLANG_WARN_EMPTY_BODY = YES;
				CLANG_WARN_ENUM_CONVERSION = YES;
				CLANG_WARN_INFINITE_RECURSION = YES;
				CLANG_WARN_INT_CONVERSION = YES;
				CLANG_WARN_OBJC_ROOT_CLASS = YES_ERROR;
				CLANG_WARN_SUSPICIOUS_MOVE = YES;
				CLANG_WARN_UNREACHABLE_CODE = YES;
				CLANG_WARN__DUPLICATE_METHOD_MATCH = YES;
				"CODE_SIGN_IDENTITY[sdk=iphoneos*]" = "iPhone Developer";
				COPY_PHASE_STRIP = NO;
				DEBUG_INFORMATION_FORMAT = dwarf;
				ENABLE_STRICT_OBJC_MSGSEND = YES;
				ENABLE_TESTABILITY = YES;
				GCC_C_LANGUAGE_STANDARD = gnu99;
				GCC_DYNAMIC_NO_PIC = NO;
				GCC_NO_COMMON_BLOCKS = YES;
				GCC_OPTIMIZATION_LEVEL = 0;
				GCC_PREPROCESSOR_DEFINITIONS = (
					"DEBUG=1",
					"$(inherited)",
				);
				GCC_WARN_64_TO_32_BIT_CONVERSION = YES;
				GCC_WARN_ABOUT_RETURN_TYPE = YES_ERROR;
				GCC_WARN_UNDECLARED_SELECTOR = YES;
				GCC_WARN_UNINITIALIZED_AUTOS = YES_AGGRESSIVE;
				GCC_WARN_UNUSED_FUNCTION = YES;
				GCC_WARN_UNUSED_VARIABLE = YES;
				IPHONEOS_DEPLOYMENT_TARGET = 10.2;
				MTL_ENABLE_DEBUG_INFO = YES;
				ONLY_ACTIVE_ARCH = YES;
				SDKROOT = iphoneos;
				SWIFT_ACTIVE_COMPILATION_CONDITIONS = DEBUG;
				SWIFT_OPTIMIZATION_LEVEL = "-Onone";
				TARGETED_DEVICE_FAMILY = "1,2";
			};
			name = Debug;
		};
		859B55A91E0AC8FA00231A2B /* Release */ = {
			isa = XCBuildConfiguration;
			buildSettings = {
				ALWAYS_SEARCH_USER_PATHS = NO;
				CLANG_ANALYZER_NONNULL = YES;
				CLANG_CXX_LANGUAGE_STANDARD = "gnu++0x";
				CLANG_CXX_LIBRARY = "libc++";
				CLANG_ENABLE_MODULES = YES;
				CLANG_ENABLE_OBJC_ARC = YES;
				CLANG_WARN_BOOL_CONVERSION = YES;
				CLANG_WARN_CONSTANT_CONVERSION = YES;
				CLANG_WARN_DIRECT_OBJC_ISA_USAGE = YES_ERROR;
				CLANG_WARN_DOCUMENTATION_COMMENTS = YES;
				CLANG_WARN_EMPTY_BODY = YES;
				CLANG_WARN_ENUM_CONVERSION = YES;
				CLANG_WARN_INFINITE_RECURSION = YES;
				CLANG_WARN_INT_CONVERSION = YES;
				CLANG_WARN_OBJC_ROOT_CLASS = YES_ERROR;
				CLANG_WARN_SUSPICIOUS_MOVE = YES;
				CLANG_WARN_UNREACHABLE_CODE = YES;
				CLANG_WARN__DUPLICATE_METHOD_MATCH = YES;
				"CODE_SIGN_IDENTITY[sdk=iphoneos*]" = "iPhone Developer";
				COPY_PHASE_STRIP = NO;
				DEBUG_INFORMATION_FORMAT = "dwarf-with-dsym";
				ENABLE_NS_ASSERTIONS = NO;
				ENABLE_STRICT_OBJC_MSGSEND = YES;
				GCC_C_LANGUAGE_STANDARD = gnu99;
				GCC_NO_COMMON_BLOCKS = YES;
				GCC_WARN_64_TO_32_BIT_CONVERSION = YES;
				GCC_WARN_ABOUT_RETURN_TYPE = YES_ERROR;
				GCC_WARN_UNDECLARED_SELECTOR = YES;
				GCC_WARN_UNINITIALIZED_AUTOS = YES_AGGRESSIVE;
				GCC_WARN_UNUSED_FUNCTION = YES;
				GCC_WARN_UNUSED_VARIABLE = YES;
				IPHONEOS_DEPLOYMENT_TARGET = 10.2;
				MTL_ENABLE_DEBUG_INFO = NO;
				SDKROOT = iphoneos;
				SWIFT_OPTIMIZATION_LEVEL = "-Owholemodule";
				TARGETED_DEVICE_FAMILY = "1,2";
				VALIDATE_PRODUCT = YES;
			};
			name = Release;
		};
		859B55AB1E0AC8FA00231A2B /* Debug */ = {
			isa = XCBuildConfiguration;
			baseConfigurationReference = 46D0F28B86A88446D3578897 /* Pods-StoryCreator.debug.xcconfig */;
			buildSettings = {
				ASSETCATALOG_COMPILER_APPICON_NAME = AppIcon;
				DEVELOPMENT_TEAM = RP7F8YYSX4;
				INFOPLIST_FILE = StoryCreator/Info.plist;
				LD_RUNPATH_SEARCH_PATHS = "$(inherited) @executable_path/Frameworks";
				PRODUCT_BUNDLE_IDENTIFIER = com.Playbuzz.StoryCreator;
				PRODUCT_NAME = "$(TARGET_NAME)";
				SWIFT_VERSION = 3.0;
			};
			name = Debug;
		};
		859B55AC1E0AC8FA00231A2B /* Release */ = {
			isa = XCBuildConfiguration;
			baseConfigurationReference = DF9CF8EDB0849B8B7E03C113 /* Pods-StoryCreator.release.xcconfig */;
			buildSettings = {
				ASSETCATALOG_COMPILER_APPICON_NAME = AppIcon;
				DEVELOPMENT_TEAM = RP7F8YYSX4;
				INFOPLIST_FILE = StoryCreator/Info.plist;
				LD_RUNPATH_SEARCH_PATHS = "$(inherited) @executable_path/Frameworks";
				PRODUCT_BUNDLE_IDENTIFIER = com.Playbuzz.StoryCreator;
				PRODUCT_NAME = "$(TARGET_NAME)";
				SWIFT_VERSION = 3.0;
			};
			name = Release;
		};
/* End XCBuildConfiguration section */

/* Begin XCConfigurationList section */
		859B55931E0AC8FA00231A2B /* Build configuration list for PBXProject "StoryCreator" */ = {
			isa = XCConfigurationList;
			buildConfigurations = (
				859B55A81E0AC8FA00231A2B /* Debug */,
				859B55A91E0AC8FA00231A2B /* Release */,
			);
			defaultConfigurationIsVisible = 0;
			defaultConfigurationName = Release;
		};
		859B55AA1E0AC8FA00231A2B /* Build configuration list for PBXNativeTarget "StoryCreator" */ = {
			isa = XCConfigurationList;
			buildConfigurations = (
				859B55AB1E0AC8FA00231A2B /* Debug */,
				859B55AC1E0AC8FA00231A2B /* Release */,
			);
			defaultConfigurationIsVisible = 0;
			defaultConfigurationName = Release;
		};
/* End XCConfigurationList section */
	};
	rootObject = 859B55901E0AC8FA00231A2B /* Project object */;
}
